
Microsoft Visual Studio Solution File, Format Version 12.00
# Visual Studio Version 17
VisualStudioVersion = 17.6.33723.286
MinimumVisualStudioVersion = 10.0.40219.1
Project("{9A19103F-16F7-4668-BE54-9A1E7A4F7556}") = "DesktopCalculatorApp", "CalculatorWpfApp\DesktopCalculatorApp.csproj", "{C8890ECC-A7C8-4CDC-94F6-038D97E8E059}"
EndProject
Project("{FAE04EC0-301F-11D3-BF4B-00C04F79EFBC}") = "DesktopContactsApp", "DesktopContactsApp\DesktopContactsApp.csproj", "{3944A567-59AD-4DE6-8CC9-5227F9E8593F}"
EndProject
Global
	GlobalSection(SolutionConfigurationPlatforms) = preSolution
		Debug|Any CPU = Debug|Any CPU
		Release|Any CPU = Release|Any CPU
	EndGlobalSection
	GlobalSection(ProjectConfigurationPlatforms) = postSolution
		{C8890ECC-A7C8-4CDC-94F6-038D97E8E059}.Debug|Any CPU.ActiveCfg = Debug|Any CPU
		{C8890ECC-A7C8-4CDC-94F6-038D97E8E059}.Debug|Any CPU.Build.0 = Debug|Any CPU
		{C8890ECC-A7C8-4CDC-94F6-038D97E8E059}.Release|Any CPU.ActiveCfg = Release|Any CPU
		{C8890ECC-A7C8-4CDC-94F6-038D97E8E059}.Release|Any CPU.Build.0 = Release|Any CPU
		{3944A567-59AD-4DE6-8CC9-5227F9E8593F}.Debug|Any CPU.ActiveCfg = Debug|Any CPU
		{3944A567-59AD-4DE6-8CC9-5227F9E8593F}.Debug|Any CPU.Build.0 = Debug|Any CPU
		{3944A567-59AD-4DE6-8CC9-5227F9E8593F}.Release|Any CPU.ActiveCfg = Release|Any CPU
		{3944A567-59AD-4DE6-8CC9-5227F9E8593F}.Release|Any CPU.Build.0 = Release|Any CPU
	EndGlobalSection
	GlobalSection(SolutionProperties) = preSolution
		HideSolutionNode = FALSE
	EndGlobalSection
	GlobalSection(ExtensibilityGlobals) = postSolution
		SolutionGuid = {C3EE4ADE-EE4A-495A-87B0-7787D0C3A718}
	EndGlobalSection
EndGlobal
